
Microsoft Visual Studio Solution File, Format Version 12.00
# Visual Studio 14
VisualStudioVersion = 14.0.25420.1
MinimumVisualStudioVersion = 10.0.40219.1
Project("{FAE04EC0-301F-11D3-BF4B-00C04F79EFBC}") = "BulkSmsSharedLib", "BulkSmsSharedLib\BulkSmsSharedLib.csproj", "{61569533-A8AA-4125-9056-AE13C17FABF1}"
EndProject
Project("{FAE04EC0-301F-11D3-BF4B-00C04F79EFBC}") = "BulkSmsControlPanel", "BulkSmsControlPanel\BulkSmsControlPanel.csproj", "{01A1690B-1C3C-4CDF-9B0B-F009898A966A}"
EndProject
Project("{FAE04EC0-301F-11D3-BF4B-00C04F79EFBC}") = "BulkSmsServer", "BulkSmsServer\BulkSmsServer.csproj", "{40DD0BBF-8109-4F4F-8297-C8752AA3D50D}"
EndProject
Project("{FAE04EC0-301F-11D3-BF4B-00C04F79EFBC}") = "BulkSmsClient", "BulkSmsClient\BulkSmsClient.csproj", "{004D7DB9-8456-4E17-B412-99FF28E7DBF1}"
EndProject
Global
	GlobalSection(SolutionConfigurationPlatforms) = preSolution
		Debug|Any CPU = Debug|Any CPU
		Release|Any CPU = Release|Any CPU
	EndGlobalSection
	GlobalSection(ProjectConfigurationPlatforms) = postSolution
		{61569533-A8AA-4125-9056-AE13C17FABF1}.Debug|Any CPU.ActiveCfg = Debug|Any CPU
		{61569533-A8AA-4125-9056-AE13C17FABF1}.Debug|Any CPU.Build.0 = Debug|Any CPU
		{61569533-A8AA-4125-9056-AE13C17FABF1}.Release|Any CPU.ActiveCfg = Release|Any CPU
		{61569533-A8AA-4125-9056-AE13C17FABF1}.Release|Any CPU.Build.0 = Release|Any CPU
		{01A1690B-1C3C-4CDF-9B0B-F009898A966A}.Debug|Any CPU.ActiveCfg = Debug|Any CPU
		{01A1690B-1C3C-4CDF-9B0B-F009898A966A}.Debug|Any CPU.Build.0 = Debug|Any CPU
		{01A1690B-1C3C-4CDF-9B0B-F009898A966A}.Release|Any CPU.ActiveCfg = Release|Any CPU
		{01A1690B-1C3C-4CDF-9B0B-F009898A966A}.Release|Any CPU.Build.0 = Release|Any CPU
		{40DD0BBF-8109-4F4F-8297-C8752AA3D50D}.Debug|Any CPU.ActiveCfg = Debug|Any CPU
		{40DD0BBF-8109-4F4F-8297-C8752AA3D50D}.Debug|Any CPU.Build.0 = Debug|Any CPU
		{40DD0BBF-8109-4F4F-8297-C8752AA3D50D}.Release|Any CPU.ActiveCfg = Release|Any CPU
		{40DD0BBF-8109-4F4F-8297-C8752AA3D50D}.Release|Any CPU.Build.0 = Release|Any CPU
		{004D7DB9-8456-4E17-B412-99FF28E7DBF1}.Debug|Any CPU.ActiveCfg = Debug|Any CPU
		{004D7DB9-8456-4E17-B412-99FF28E7DBF1}.Debug|Any CPU.Build.0 = Debug|Any CPU
		{004D7DB9-8456-4E17-B412-99FF28E7DBF1}.Release|Any CPU.ActiveCfg = Release|Any CPU
		{004D7DB9-8456-4E17-B412-99FF28E7DBF1}.Release|Any CPU.Build.0 = Release|Any CPU
	EndGlobalSection
	GlobalSection(SolutionProperties) = preSolution
		HideSolutionNode = FALSE
	EndGlobalSection
EndGlobal
